// !$*UTF8*$!
{
	archiveVersion = 1;
	classes = {
	};
	objectVersion = 55;
	objects = {

/* Begin PBXBuildFile section */
		FF2DDA472854370F008EF0FC /* MergeSort.swift in Sources */ = {isa = PBXBuildFile; fileRef = FF2DDA462854370F008EF0FC /* MergeSort.swift */; };
		FF2DDA4928544305008EF0FC /* SettingsPageModel.swift in Sources */ = {isa = PBXBuildFile; fileRef = FF2DDA4828544305008EF0FC /* SettingsPageModel.swift */; };
		FF5CB124285531B000287C05 /* SortAlgorithmFactory.swift in Sources */ = {isa = PBXBuildFile; fileRef = FF5CB123285531B000287C05 /* SortAlgorithmFactory.swift */; };
		FF5CB12628553CCD00287C05 /* BubbleSort.swift in Sources */ = {isa = PBXBuildFile; fileRef = FF5CB12528553CCD00287C05 /* BubbleSort.swift */; };
		FF6D14DD2852D23800A5AAB7 /* SortAlgorithm.swift in Sources */ = {isa = PBXBuildFile; fileRef = FF6D14DC2852D23800A5AAB7 /* SortAlgorithm.swift */; };
		FF6D14DF2852D3FF00A5AAB7 /* QuickSort.swift in Sources */ = {isa = PBXBuildFile; fileRef = FF6D14DE2852D3FF00A5AAB7 /* QuickSort.swift */; };
		FF6D97E2286012B900116104 /* NodeView.swift in Sources */ = {isa = PBXBuildFile; fileRef = FF6D97E1286012B900116104 /* NodeView.swift */; };
		FF6D97E42860142E00116104 /* Node.swift in Sources */ = {isa = PBXBuildFile; fileRef = FF6D97E32860142E00116104 /* Node.swift */; };
		FF6D97E62860171600116104 /* EdgeView.swift in Sources */ = {isa = PBXBuildFile; fileRef = FF6D97E52860171600116104 /* EdgeView.swift */; };
		FF6D97E82860179800116104 /* Edge.swift in Sources */ = {isa = PBXBuildFile; fileRef = FF6D97E72860179800116104 /* Edge.swift */; };
		FF82468C27EA8CA900CF60DA /* SettingsPage.swift in Sources */ = {isa = PBXBuildFile; fileRef = FF82468B27EA8CA900CF60DA /* SettingsPage.swift */; };
		FF97C21F27E24EDE0051816D /* BarDataItem.swift in Sources */ = {isa = PBXBuildFile; fileRef = FF97C21E27E24EDE0051816D /* BarDataItem.swift */; };
		FF97C22327E2874B0051816D /* BarPlot.swift in Sources */ = {isa = PBXBuildFile; fileRef = FF97C22227E2874B0051816D /* BarPlot.swift */; };
		FF97C22527E287990051816D /* HeaderView.swift in Sources */ = {isa = PBXBuildFile; fileRef = FF97C22427E287990051816D /* HeaderView.swift */; };
		FF97C22727E289740051816D /* PlotView.swift in Sources */ = {isa = PBXBuildFile; fileRef = FF97C22627E289740051816D /* PlotView.swift */; };
		FF97C22927E28F590051816D /* BarView.swift in Sources */ = {isa = PBXBuildFile; fileRef = FF97C22827E28F590051816D /* BarView.swift */; };
		FFB526E727D93E7B0086D20A /* algo_viewer_iosApp.swift in Sources */ = {isa = PBXBuildFile; fileRef = FFB526E627D93E7B0086D20A /* algo_viewer_iosApp.swift */; };
		FFB526E927D93E7B0086D20A /* ContentView.swift in Sources */ = {isa = PBXBuildFile; fileRef = FFB526E827D93E7B0086D20A /* ContentView.swift */; };
		FFB526EB27D93E7C0086D20A /* Assets.xcassets in Resources */ = {isa = PBXBuildFile; fileRef = FFB526EA27D93E7C0086D20A /* Assets.xcassets */; };
		FFB526EE27D93E7C0086D20A /* Preview Assets.xcassets in Resources */ = {isa = PBXBuildFile; fileRef = FFB526ED27D93E7C0086D20A /* Preview Assets.xcassets */; };
		FFB526F627D965EF0086D20A /* Graphs.swift in Sources */ = {isa = PBXBuildFile; fileRef = FFB526F527D965EF0086D20A /* Graphs.swift */; };
		FFB526FB27D968570086D20A /* AlgorithmTypes.swift in Sources */ = {isa = PBXBuildFile; fileRef = FFB526FA27D968570086D20A /* AlgorithmTypes.swift */; };
		FFB526FE27D968D10086D20A /* Sorter.swift in Sources */ = {isa = PBXBuildFile; fileRef = FFB526FD27D968D10086D20A /* Sorter.swift */; };
		FFB5270027D97B4A0086D20A /* Frame.swift in Sources */ = {isa = PBXBuildFile; fileRef = FFB526FF27D97B4A0086D20A /* Frame.swift */; };
/* End PBXBuildFile section */

/* Begin PBXFileReference section */
		FF2DDA462854370F008EF0FC /* MergeSort.swift */ = {isa = PBXFileReference; lastKnownFileType = sourcecode.swift; path = MergeSort.swift; sourceTree = "<group>"; };
		FF2DDA4828544305008EF0FC /* SettingsPageModel.swift */ = {isa = PBXFileReference; lastKnownFileType = sourcecode.swift; path = SettingsPageModel.swift; sourceTree = "<group>"; };
		FF5CB123285531B000287C05 /* SortAlgorithmFactory.swift */ = {isa = PBXFileReference; lastKnownFileType = sourcecode.swift; path = SortAlgorithmFactory.swift; sourceTree = "<group>"; };
		FF5CB12528553CCD00287C05 /* BubbleSort.swift */ = {isa = PBXFileReference; lastKnownFileType = sourcecode.swift; path = BubbleSort.swift; sourceTree = "<group>"; };
		FF6D14DC2852D23800A5AAB7 /* SortAlgorithm.swift */ = {isa = PBXFileReference; lastKnownFileType = sourcecode.swift; path = SortAlgorithm.swift; sourceTree = "<group>"; };
		FF6D14DE2852D3FF00A5AAB7 /* QuickSort.swift */ = {isa = PBXFileReference; lastKnownFileType = sourcecode.swift; path = QuickSort.swift; sourceTree = "<group>"; };
		FF6D97E1286012B900116104 /* NodeView.swift */ = {isa = PBXFileReference; lastKnownFileType = sourcecode.swift; path = NodeView.swift; sourceTree = "<group>"; };
		FF6D97E32860142E00116104 /* Node.swift */ = {isa = PBXFileReference; lastKnownFileType = sourcecode.swift; path = Node.swift; sourceTree = "<group>"; };
		FF6D97E52860171600116104 /* EdgeView.swift */ = {isa = PBXFileReference; lastKnownFileType = sourcecode.swift; path = EdgeView.swift; sourceTree = "<group>"; };
		FF6D97E72860179800116104 /* Edge.swift */ = {isa = PBXFileReference; lastKnownFileType = sourcecode.swift; path = Edge.swift; sourceTree = "<group>"; };
		FF82468B27EA8CA900CF60DA /* SettingsPage.swift */ = {isa = PBXFileReference; lastKnownFileType = sourcecode.swift; path = SettingsPage.swift; sourceTree = "<group>"; };
		FF97C21E27E24EDE0051816D /* BarDataItem.swift */ = {isa = PBXFileReference; lastKnownFileType = sourcecode.swift; path = BarDataItem.swift; sourceTree = "<group>"; };
		FF97C22227E2874B0051816D /* BarPlot.swift */ = {isa = PBXFileReference; lastKnownFileType = sourcecode.swift; path = BarPlot.swift; sourceTree = "<group>"; };
		FF97C22427E287990051816D /* HeaderView.swift */ = {isa = PBXFileReference; lastKnownFileType = sourcecode.swift; path = HeaderView.swift; sourceTree = "<group>"; };
		FF97C22627E289740051816D /* PlotView.swift */ = {isa = PBXFileReference; lastKnownFileType = sourcecode.swift; path = PlotView.swift; sourceTree = "<group>"; };
		FF97C22827E28F590051816D /* BarView.swift */ = {isa = PBXFileReference; lastKnownFileType = sourcecode.swift; path = BarView.swift; sourceTree = "<group>"; };
		FFB526E327D93E7B0086D20A /* algo-viewer-ios.app */ = {isa = PBXFileReference; explicitFileType = wrapper.application; includeInIndex = 0; path = "algo-viewer-ios.app"; sourceTree = BUILT_PRODUCTS_DIR; };
		FFB526E627D93E7B0086D20A /* algo_viewer_iosApp.swift */ = {isa = PBXFileReference; lastKnownFileType = sourcecode.swift; path = algo_viewer_iosApp.swift; sourceTree = "<group>"; };
		FFB526E827D93E7B0086D20A /* ContentView.swift */ = {isa = PBXFileReference; lastKnownFileType = sourcecode.swift; path = ContentView.swift; sourceTree = "<group>"; };
		FFB526EA27D93E7C0086D20A /* Assets.xcassets */ = {isa = PBXFileReference; lastKnownFileType = folder.assetcatalog; path = Assets.xcassets; sourceTree = "<group>"; };
		FFB526ED27D93E7C0086D20A /* Preview Assets.xcassets */ = {isa = PBXFileReference; lastKnownFileType = folder.assetcatalog; path = "Preview Assets.xcassets"; sourceTree = "<group>"; };
		FFB526F527D965EF0086D20A /* Graphs.swift */ = {isa = PBXFileReference; lastKnownFileType = sourcecode.swift; path = Graphs.swift; sourceTree = "<group>"; };
		FFB526FA27D968570086D20A /* AlgorithmTypes.swift */ = {isa = PBXFileReference; lastKnownFileType = sourcecode.swift; path = AlgorithmTypes.swift; sourceTree = "<group>"; };
		FFB526FD27D968D10086D20A /* Sorter.swift */ = {isa = PBXFileReference; lastKnownFileType = sourcecode.swift; path = Sorter.swift; sourceTree = "<group>"; };
		FFB526FF27D97B4A0086D20A /* Frame.swift */ = {isa = PBXFileReference; lastKnownFileType = sourcecode.swift; path = Frame.swift; sourceTree = "<group>"; };
/* End PBXFileReference section */

/* Begin PBXFrameworksBuildPhase section */
		FFB526E027D93E7B0086D20A /* Frameworks */ = {
			isa = PBXFrameworksBuildPhase;
			buildActionMask = 2147483647;
			files = (
			);
			runOnlyForDeploymentPostprocessing = 0;
		};
/* End PBXFrameworksBuildPhase section */

/* Begin PBXGroup section */
		FFB526DA27D93E7B0086D20A = {
			isa = PBXGroup;
			children = (
				FFB526E527D93E7B0086D20A /* algo-viewer-ios */,
				FFB526E427D93E7B0086D20A /* Products */,
			);
			sourceTree = "<group>";
		};
		FFB526E427D93E7B0086D20A /* Products */ = {
			isa = PBXGroup;
			children = (
				FFB526E327D93E7B0086D20A /* algo-viewer-ios.app */,
			);
			name = Products;
			sourceTree = "<group>";
		};
		FFB526E527D93E7B0086D20A /* algo-viewer-ios */ = {
			isa = PBXGroup;
			children = (
				FFB526FC27D968BE0086D20A /* Helpers */,
				FFB526F927D968470086D20A /* Model */,
				FFB526F427D941120086D20A /* Views */,
				FFB526E627D93E7B0086D20A /* algo_viewer_iosApp.swift */,
				FFB526EA27D93E7C0086D20A /* Assets.xcassets */,
				FFB526EC27D93E7C0086D20A /* Preview Content */,
			);
			path = "algo-viewer-ios";
			sourceTree = "<group>";
		};
		FFB526EC27D93E7C0086D20A /* Preview Content */ = {
			isa = PBXGroup;
			children = (
				FFB526ED27D93E7C0086D20A /* Preview Assets.xcassets */,
			);
			path = "Preview Content";
			sourceTree = "<group>";
		};
		FFB526F427D941120086D20A /* Views */ = {
			isa = PBXGroup;
			children = (
				FFB5270B27D9921B0086D20A /* Playground */,
				FFB5270227D987420086D20A /* Array */,
				FFB5270127D987350086D20A /* Graph */,
				FFB526E827D93E7B0086D20A /* ContentView.swift */,
				FF82468B27EA8CA900CF60DA /* SettingsPage.swift */,
			);
			path = Views;
			sourceTree = "<group>";
		};
		FFB526F927D968470086D20A /* Model */ = {
			isa = PBXGroup;
			children = (
				FF2DDA4828544305008EF0FC /* SettingsPageModel.swift */,
				FF97C21E27E24EDE0051816D /* BarDataItem.swift */,
				FF6D97E32860142E00116104 /* Node.swift */,
				FF6D97E72860179800116104 /* Edge.swift */,
			);
			path = Model;
			sourceTree = "<group>";
		};
		FFB526FC27D968BE0086D20A /* Helpers */ = {
			isa = PBXGroup;
			children = (
				FFB526FD27D968D10086D20A /* Sorter.swift */,
				FF2DDA462854370F008EF0FC /* MergeSort.swift */,
				FFB526FF27D97B4A0086D20A /* Frame.swift */,
				FF6D14DC2852D23800A5AAB7 /* SortAlgorithm.swift */,
				FF6D14DE2852D3FF00A5AAB7 /* QuickSort.swift */,
				FFB526FA27D968570086D20A /* AlgorithmTypes.swift */,
				FF5CB123285531B000287C05 /* SortAlgorithmFactory.swift */,
				FF5CB12528553CCD00287C05 /* BubbleSort.swift */,
			);
			path = Helpers;
			sourceTree = "<group>";
		};
		FFB5270127D987350086D20A /* Graph */ = {
			isa = PBXGroup;
			children = (
				FFB526F527D965EF0086D20A /* Graphs.swift */,
				FF6D97E1286012B900116104 /* NodeView.swift */,
				FF6D97E52860171600116104 /* EdgeView.swift */,
			);
			path = Graph;
			sourceTree = "<group>";
		};
		FFB5270227D987420086D20A /* Array */ = {
			isa = PBXGroup;
			children = (
				FF97C22227E2874B0051816D /* BarPlot.swift */,
				FF97C22427E287990051816D /* HeaderView.swift */,
				FF97C22627E289740051816D /* PlotView.swift */,
				FF97C22827E28F590051816D /* BarView.swift */,
			);
			path = Array;
			sourceTree = "<group>";
		};
		FFB5270B27D9921B0086D20A /* Playground */ = {
			isa = PBXGroup;
			children = (
			);
			path = Playground;
			sourceTree = "<group>";
		};
/* End PBXGroup section */

/* Begin PBXNativeTarget section */
		FFB526E227D93E7B0086D20A /* algo-viewer-ios */ = {
			isa = PBXNativeTarget;
			buildConfigurationList = FFB526F127D93E7C0086D20A /* Build configuration list for PBXNativeTarget "algo-viewer-ios" */;
			buildPhases = (
				FFB526DF27D93E7B0086D20A /* Sources */,
				FFB526E027D93E7B0086D20A /* Frameworks */,
				FFB526E127D93E7B0086D20A /* Resources */,
			);
			buildRules = (
			);
			dependencies = (
			);
			name = "algo-viewer-ios";
			productName = "algo-viewer-ios";
			productReference = FFB526E327D93E7B0086D20A /* algo-viewer-ios.app */;
			productType = "com.apple.product-type.application";
		};
/* End PBXNativeTarget section */

/* Begin PBXProject section */
		FFB526DB27D93E7B0086D20A /* Project object */ = {
			isa = PBXProject;
			attributes = {
				BuildIndependentTargetsInParallel = 1;
				LastSwiftUpdateCheck = 1320;
				LastUpgradeCheck = 1320;
				TargetAttributes = {
					FFB526E227D93E7B0086D20A = {
						CreatedOnToolsVersion = 13.2.1;
					};
				};
			};
			buildConfigurationList = FFB526DE27D93E7B0086D20A /* Build configuration list for PBXProject "algo-viewer-ios" */;
			compatibilityVersion = "Xcode 13.0";
			developmentRegion = en;
			hasScannedForEncodings = 0;
			knownRegions = (
				en,
				Base,
			);
			mainGroup = FFB526DA27D93E7B0086D20A;
			productRefGroup = FFB526E427D93E7B0086D20A /* Products */;
			projectDirPath = "";
			projectRoot = "";
			targets = (
				FFB526E227D93E7B0086D20A /* algo-viewer-ios */,
			);
		};
/* End PBXProject section */

/* Begin PBXResourcesBuildPhase section */
		FFB526E127D93E7B0086D20A /* Resources */ = {
			isa = PBXResourcesBuildPhase;
			buildActionMask = 2147483647;
			files = (
				FFB526EE27D93E7C0086D20A /* Preview Assets.xcassets in Resources */,
				FFB526EB27D93E7C0086D20A /* Assets.xcassets in Resources */,
			);
			runOnlyForDeploymentPostprocessing = 0;
		};
/* End PBXResourcesBuildPhase section */

/* Begin PBXSourcesBuildPhase section */
		FFB526DF27D93E7B0086D20A /* Sources */ = {
			isa = PBXSourcesBuildPhase;
			buildActionMask = 2147483647;
			files = (
				FF6D97E82860179800116104 /* Edge.swift in Sources */,
				FF97C21F27E24EDE0051816D /* BarDataItem.swift in Sources */,
				FF2DDA4928544305008EF0FC /* SettingsPageModel.swift in Sources */,
				FF97C22927E28F590051816D /* BarView.swift in Sources */,
				FF97C22727E289740051816D /* PlotView.swift in Sources */,
				FF5CB124285531B000287C05 /* SortAlgorithmFactory.swift in Sources */,
				FF2DDA472854370F008EF0FC /* MergeSort.swift in Sources */,
				FF6D97E42860142E00116104 /* Node.swift in Sources */,
				FF97C22527E287990051816D /* HeaderView.swift in Sources */,
				FF82468C27EA8CA900CF60DA /* SettingsPage.swift in Sources */,
				FF6D97E62860171600116104 /* EdgeView.swift in Sources */,
				FFB526FE27D968D10086D20A /* Sorter.swift in Sources */,
				FFB526FB27D968570086D20A /* AlgorithmTypes.swift in Sources */,
				FFB526F627D965EF0086D20A /* Graphs.swift in Sources */,
				FF97C22327E2874B0051816D /* BarPlot.swift in Sources */,
				FFB5270027D97B4A0086D20A /* Frame.swift in Sources */,
				FF6D97E2286012B900116104 /* NodeView.swift in Sources */,
				FFB526E927D93E7B0086D20A /* ContentView.swift in Sources */,
				FFB526E727D93E7B0086D20A /* algo_viewer_iosApp.swift in Sources */,
				FF6D14DD2852D23800A5AAB7 /* SortAlgorithm.swift in Sources */,
				FF6D14DF2852D3FF00A5AAB7 /* QuickSort.swift in Sources */,
				FF5CB12628553CCD00287C05 /* BubbleSort.swift in Sources */,
			);
			runOnlyForDeploymentPostprocessing = 0;
		};
/* End PBXSourcesBuildPhase section */

/* Begin XCBuildConfiguration section */
		FFB526EF27D93E7C0086D20A /* Debug */ = {
			isa = XCBuildConfiguration;
			buildSettings = {
				ALWAYS_SEARCH_USER_PATHS = NO;
				CLANG_ANALYZER_NONNULL = YES;
				CLANG_ANALYZER_NUMBER_OBJECT_CONVERSION = YES_AGGRESSIVE;
				CLANG_CXX_LANGUAGE_STANDARD = "gnu++17";
				CLANG_CXX_LIBRARY = "libc++";
				CLANG_ENABLE_MODULES = YES;
				CLANG_ENABLE_OBJC_ARC = YES;
				CLANG_ENABLE_OBJC_WEAK = YES;
				CLANG_WARN_BLOCK_CAPTURE_AUTORELEASING = YES;
				CLANG_WARN_BOOL_CONVERSION = YES;
				CLANG_WARN_COMMA = YES;
				CLANG_WARN_CONSTANT_CONVERSION = YES;
				CLANG_WARN_DEPRECATED_OBJC_IMPLEMENTATIONS = YES;
				CLANG_WARN_DIRECT_OBJC_ISA_USAGE = YES_ERROR;
				CLANG_WARN_DOCUMENTATION_COMMENTS = YES;
				CLANG_WARN_EMPTY_BODY = YES;
				CLANG_WARN_ENUM_CONVERSION = YES;
				CLANG_WARN_INFINITE_RECURSION = YES;
				CLANG_WARN_INT_CONVERSION = YES;
				CLANG_WARN_NON_LITERAL_NULL_CONVERSION = YES;
				CLANG_WARN_OBJC_IMPLICIT_RETAIN_SELF = YES;
				CLANG_WARN_OBJC_LITERAL_CONVERSION = YES;
				CLANG_WARN_OBJC_ROOT_CLASS = YES_ERROR;
				CLANG_WARN_QUOTED_INCLUDE_IN_FRAMEWORK_HEADER = YES;
				CLANG_WARN_RANGE_LOOP_ANALYSIS = YES;
				CLANG_WARN_STRICT_PROTOTYPES = YES;
				CLANG_WARN_SUSPICIOUS_MOVE = YES;
				CLANG_WARN_UNGUARDED_AVAILABILITY = YES_AGGRESSIVE;
				CLANG_WARN_UNREACHABLE_CODE = YES;
				CLANG_WARN__DUPLICATE_METHOD_MATCH = YES;
				COPY_PHASE_STRIP = NO;
				DEBUG_INFORMATION_FORMAT = dwarf;
				ENABLE_STRICT_OBJC_MSGSEND = YES;
				ENABLE_TESTABILITY = YES;
				GCC_C_LANGUAGE_STANDARD = gnu11;
				GCC_DYNAMIC_NO_PIC = NO;
				GCC_NO_COMMON_BLOCKS = YES;
				GCC_OPTIMIZATION_LEVEL = 0;
				GCC_PREPROCESSOR_DEFINITIONS = (
					"DEBUG=1",
					"$(inherited)",
				);
				GCC_WARN_64_TO_32_BIT_CONVERSION = YES;
				GCC_WARN_ABOUT_RETURN_TYPE = YES_ERROR;
				GCC_WARN_UNDECLARED_SELECTOR = YES;
				GCC_WARN_UNINITIALIZED_AUTOS = YES_AGGRESSIVE;
				GCC_WARN_UNUSED_FUNCTION = YES;
				GCC_WARN_UNUSED_VARIABLE = YES;
				IPHONEOS_DEPLOYMENT_TARGET = 15.2;
				MTL_ENABLE_DEBUG_INFO = INCLUDE_SOURCE;
				MTL_FAST_MATH = YES;
				ONLY_ACTIVE_ARCH = YES;
				SDKROOT = iphoneos;
				SWIFT_ACTIVE_COMPILATION_CONDITIONS = DEBUG;
				SWIFT_OPTIMIZATION_LEVEL = "-Onone";
			};
			name = Debug;
		};
		FFB526F027D93E7C0086D20A /* Release */ = {
			isa = XCBuildConfiguration;
			buildSettings = {
				ALWAYS_SEARCH_USER_PATHS = NO;
				CLANG_ANALYZER_NONNULL = YES;
				CLANG_ANALYZER_NUMBER_OBJECT_CONVERSION = YES_AGGRESSIVE;
				CLANG_CXX_LANGUAGE_STANDARD = "gnu++17";
				CLANG_CXX_LIBRARY = "libc++";
				CLANG_ENABLE_MODULES = YES;
				CLANG_ENABLE_OBJC_ARC = YES;
				CLANG_ENABLE_OBJC_WEAK = YES;
				CLANG_WARN_BLOCK_CAPTURE_AUTORELEASING = YES;
				CLANG_WARN_BOOL_CONVERSION = YES;
				CLANG_WARN_COMMA = YES;
				CLANG_WARN_CONSTANT_CONVERSION = YES;
				CLANG_WARN_DEPRECATED_OBJC_IMPLEMENTATIONS = YES;
				CLANG_WARN_DIRECT_OBJC_ISA_USAGE = YES_ERROR;
				CLANG_WARN_DOCUMENTATION_COMMENTS = YES;
				CLANG_WARN_EMPTY_BODY = YES;
				CLANG_WARN_ENUM_CONVERSION = YES;
				CLANG_WARN_INFINITE_RECURSION = YES;
				CLANG_WARN_INT_CONVERSION = YES;
				CLANG_WARN_NON_LITERAL_NULL_CONVERSION = YES;
				CLANG_WARN_OBJC_IMPLICIT_RETAIN_SELF = YES;
				CLANG_WARN_OBJC_LITERAL_CONVERSION = YES;
				CLANG_WARN_OBJC_ROOT_CLASS = YES_ERROR;
				CLANG_WARN_QUOTED_INCLUDE_IN_FRAMEWORK_HEADER = YES;
				CLANG_WARN_RANGE_LOOP_ANALYSIS = YES;
				CLANG_WARN_STRICT_PROTOTYPES = YES;
				CLANG_WARN_SUSPICIOUS_MOVE = YES;
				CLANG_WARN_UNGUARDED_AVAILABILITY = YES_AGGRESSIVE;
				CLANG_WARN_UNREACHABLE_CODE = YES;
				CLANG_WARN__DUPLICATE_METHOD_MATCH = YES;
				COPY_PHASE_STRIP = NO;
				DEBUG_INFORMATION_FORMAT = "dwarf-with-dsym";
				ENABLE_NS_ASSERTIONS = NO;
				ENABLE_STRICT_OBJC_MSGSEND = YES;
				GCC_C_LANGUAGE_STANDARD = gnu11;
				GCC_NO_COMMON_BLOCKS = YES;
				GCC_WARN_64_TO_32_BIT_CONVERSION = YES;
				GCC_WARN_ABOUT_RETURN_TYPE = YES_ERROR;
				GCC_WARN_UNDECLARED_SELECTOR = YES;
				GCC_WARN_UNINITIALIZED_AUTOS = YES_AGGRESSIVE;
				GCC_WARN_UNUSED_FUNCTION = YES;
				GCC_WARN_UNUSED_VARIABLE = YES;
				IPHONEOS_DEPLOYMENT_TARGET = 15.2;
				MTL_ENABLE_DEBUG_INFO = NO;
				MTL_FAST_MATH = YES;
				SDKROOT = iphoneos;
				SWIFT_COMPILATION_MODE = wholemodule;
				SWIFT_OPTIMIZATION_LEVEL = "-O";
				VALIDATE_PRODUCT = YES;
			};
			name = Release;
		};
		FFB526F227D93E7C0086D20A /* Debug */ = {
			isa = XCBuildConfiguration;
			buildSettings = {
				ASSETCATALOG_COMPILER_APPICON_NAME = AppIcon;
				ASSETCATALOG_COMPILER_GLOBAL_ACCENT_COLOR_NAME = AccentColor;
				CODE_SIGN_STYLE = Automatic;
				CURRENT_PROJECT_VERSION = 1;
				DEVELOPMENT_ASSET_PATHS = "\"algo-viewer-ios/Preview Content\"";
				DEVELOPMENT_TEAM = L227T5HHPC;
				ENABLE_PREVIEWS = YES;
				GENERATE_INFOPLIST_FILE = YES;
				INFOPLIST_KEY_UIApplicationSceneManifest_Generation = YES;
				INFOPLIST_KEY_UIApplicationSupportsIndirectInputEvents = YES;
				INFOPLIST_KEY_UILaunchScreen_Generation = YES;
				INFOPLIST_KEY_UISupportedInterfaceOrientations_iPad = "UIInterfaceOrientationPortrait UIInterfaceOrientationPortraitUpsideDown UIInterfaceOrientationLandscapeLeft UIInterfaceOrientationLandscapeRight";
				INFOPLIST_KEY_UISupportedInterfaceOrientations_iPhone = "UIInterfaceOrientationPortrait UIInterfaceOrientationLandscapeLeft UIInterfaceOrientationLandscapeRight";
				LD_RUNPATH_SEARCH_PATHS = (
					"$(inherited)",
					"@executable_path/Frameworks",
				);
				MARKETING_VERSION = 1.0;
				PRODUCT_BUNDLE_IDENTIFIER = "makaveli.algo-viewer-ios";
				PRODUCT_NAME = "$(TARGET_NAME)";
				SWIFT_EMIT_LOC_STRINGS = YES;
				SWIFT_VERSION = 5.0;
				TARGETED_DEVICE_FAMILY = "1,2";
			};
			name = Debug;
		};
		FFB526F327D93E7C0086D20A /* Release */ = {
			isa = XCBuildConfiguration;
			buildSettings = {
				ASSETCATALOG_COMPILER_APPICON_NAME = AppIcon;
				ASSETCATALOG_COMPILER_GLOBAL_ACCENT_COLOR_NAME = AccentColor;
				CODE_SIGN_STYLE = Automatic;
				CURRENT_PROJECT_VERSION = 1;
				DEVELOPMENT_ASSET_PATHS = "\"algo-viewer-ios/Preview Content\"";
				DEVELOPMENT_TEAM = L227T5HHPC;
				ENABLE_PREVIEWS = YES;
				GENERATE_INFOPLIST_FILE = YES;
				INFOPLIST_KEY_UIApplicationSceneManifest_Generation = YES;
				INFOPLIST_KEY_UIApplicationSupportsIndirectInputEvents = YES;
				INFOPLIST_KEY_UILaunchScreen_Generation = YES;
				INFOPLIST_KEY_UISupportedInterfaceOrientations_iPad = "UIInterfaceOrientationPortrait UIInterfaceOrientationPortraitUpsideDown UIInterfaceOrientationLandscapeLeft UIInterfaceOrientationLandscapeRight";
				INFOPLIST_KEY_UISupportedInterfaceOrientations_iPhone = "UIInterfaceOrientationPortrait UIInterfaceOrientationLandscapeLeft UIInterfaceOrientationLandscapeRight";
				LD_RUNPATH_SEARCH_PATHS = (
					"$(inherited)",
					"@executable_path/Frameworks",
				);
				MARKETING_VERSION = 1.0;
				PRODUCT_BUNDLE_IDENTIFIER = "makaveli.algo-viewer-ios";
				PRODUCT_NAME = "$(TARGET_NAME)";
				SWIFT_EMIT_LOC_STRINGS = YES;
				SWIFT_VERSION = 5.0;
				TARGETED_DEVICE_FAMILY = "1,2";
			};
			name = Release;
		};
/* End XCBuildConfiguration section */

/* Begin XCConfigurationList section */
		FFB526DE27D93E7B0086D20A /* Build configuration list for PBXProject "algo-viewer-ios" */ = {
			isa = XCConfigurationList;
			buildConfigurations = (
				FFB526EF27D93E7C0086D20A /* Debug */,
				FFB526F027D93E7C0086D20A /* Release */,
			);
			defaultConfigurationIsVisible = 0;
			defaultConfigurationName = Release;
		};
		FFB526F127D93E7C0086D20A /* Build configuration list for PBXNativeTarget "algo-viewer-ios" */ = {
			isa = XCConfigurationList;
			buildConfigurations = (
				FFB526F227D93E7C0086D20A /* Debug */,
				FFB526F327D93E7C0086D20A /* Release */,
			);
			defaultConfigurationIsVisible = 0;
			defaultConfigurationName = Release;
		};
/* End XCConfigurationList section */
	};
	rootObject = FFB526DB27D93E7B0086D20A /* Project object */;
}
